
Microsoft Visual Studio Solution File, Format Version 12.00
# Visual Studio Version 16
VisualStudioVersion = 16.0.30503.244
MinimumVisualStudioVersion = 10.0.40219.1
Project("{FAE04EC0-301F-11D3-BF4B-00C04F79EFBC}") = "LR4.2", "LR4(2)\LR4.2.csproj", "{A1EB0321-785E-40FD-BF36-1318D15AB527}"
EndProject
Global
	GlobalSection(SolutionConfigurationPlatforms) = preSolution
		Debug|Any CPU = Debug|Any CPU
		Release|Any CPU = Release|Any CPU
	EndGlobalSection
	GlobalSection(ProjectConfigurationPlatforms) = postSolution
		{A1EB0321-785E-40FD-BF36-1318D15AB527}.Debug|Any CPU.ActiveCfg = Debug|Any CPU
		{A1EB0321-785E-40FD-BF36-1318D15AB527}.Debug|Any CPU.Build.0 = Debug|Any CPU
		{A1EB0321-785E-40FD-BF36-1318D15AB527}.Release|Any CPU.ActiveCfg = Release|Any CPU
		{A1EB0321-785E-40FD-BF36-1318D15AB527}.Release|Any CPU.Build.0 = Release|Any CPU
	EndGlobalSection
	GlobalSection(SolutionProperties) = preSolution
		HideSolutionNode = FALSE
	EndGlobalSection
	GlobalSection(ExtensibilityGlobals) = postSolution
		SolutionGuid = {1B90E13F-2317-4B46-B87B-7F43F450443C}
	EndGlobalSection
EndGlobal
