
Microsoft Visual Studio Solution File, Format Version 12.00
# Visual Studio Version 16
VisualStudioVersion = 16.0.30503.244
MinimumVisualStudioVersion = 10.0.40219.1
Project("{FAE04EC0-301F-11D3-BF4B-00C04F79EFBC}") = "LR3", "LR3\LR3.csproj", "{DD188A5C-418B-4F1A-8153-101F05C371E6}"
EndProject
Global
	GlobalSection(SolutionConfigurationPlatforms) = preSolution
		Debug|Any CPU = Debug|Any CPU
		Release|Any CPU = Release|Any CPU
	EndGlobalSection
	GlobalSection(ProjectConfigurationPlatforms) = postSolution
		{DD188A5C-418B-4F1A-8153-101F05C371E6}.Debug|Any CPU.ActiveCfg = Debug|Any CPU
		{DD188A5C-418B-4F1A-8153-101F05C371E6}.Debug|Any CPU.Build.0 = Debug|Any CPU
		{DD188A5C-418B-4F1A-8153-101F05C371E6}.Release|Any CPU.ActiveCfg = Release|Any CPU
		{DD188A5C-418B-4F1A-8153-101F05C371E6}.Release|Any CPU.Build.0 = Release|Any CPU
	EndGlobalSection
	GlobalSection(SolutionProperties) = preSolution
		HideSolutionNode = FALSE
	EndGlobalSection
	GlobalSection(ExtensibilityGlobals) = postSolution
		SolutionGuid = {6D3FFE1B-0410-4AC1-81A4-4DA0737AE279}
	EndGlobalSection
EndGlobal
